
Microsoft Visual Studio Solution File, Format Version 12.00
# Visual Studio 15
VisualStudioVersion = 15.0.28010.2041
MinimumVisualStudioVersion = 10.0.40219.1
Project("{FAE04EC0-301F-11D3-BF4B-00C04F79EFBC}") = "Quattroid.Android", "Quattroid\Quattroid.Android\Quattroid.Android.csproj", "{DD03F06B-FB6F-4557-98D3-693A04695B3A}"
EndProject
Project("{FAE04EC0-301F-11D3-BF4B-00C04F79EFBC}") = "Quattroid.iOS", "Quattroid\Quattroid.iOS\Quattroid.iOS.csproj", "{E277B58D-867C-45C0-A4B7-2FB1FE070509}"
EndProject
Project("{FAE04EC0-301F-11D3-BF4B-00C04F79EFBC}") = "Quattroid", "Quattroid\Quattroid\Quattroid.csproj", "{E84D5996-F500-4DC4-8515-E9D1D5DD818A}"
EndProject
Project("{9A19103F-16F7-4668-BE54-9A1E7A4F7556}") = "Quattro", "..\Quattro\Quattro\Quattro.csproj", "{9DED01DC-10B6-4375-8FCE-C6DCE8A2EC05}"
EndProject
Global
	GlobalSection(SolutionConfigurationPlatforms) = preSolution
		Ad-Hoc|Any CPU = Ad-Hoc|Any CPU
		Ad-Hoc|iPhone = Ad-Hoc|iPhone
		Ad-Hoc|iPhoneSimulator = Ad-Hoc|iPhoneSimulator
		AppStore|Any CPU = AppStore|Any CPU
		AppStore|iPhone = AppStore|iPhone
		AppStore|iPhoneSimulator = AppStore|iPhoneSimulator
		Debug|Any CPU = Debug|Any CPU
		Debug|iPhone = Debug|iPhone
		Debug|iPhoneSimulator = Debug|iPhoneSimulator
		Release|Any CPU = Release|Any CPU
		Release|iPhone = Release|iPhone
		Release|iPhoneSimulator = Release|iPhoneSimulator
	EndGlobalSection
	GlobalSection(ProjectConfigurationPlatforms) = postSolution
		{DD03F06B-FB6F-4557-98D3-693A04695B3A}.Ad-Hoc|Any CPU.ActiveCfg = Release|Any CPU
		{DD03F06B-FB6F-4557-98D3-693A04695B3A}.Ad-Hoc|Any CPU.Build.0 = Release|Any CPU
		{DD03F06B-FB6F-4557-98D3-693A04695B3A}.Ad-Hoc|Any CPU.Deploy.0 = Release|Any CPU
		{DD03F06B-FB6F-4557-98D3-693A04695B3A}.Ad-Hoc|iPhone.ActiveCfg = Release|Any CPU
		{DD03F06B-FB6F-4557-98D3-693A04695B3A}.Ad-Hoc|iPhone.Build.0 = Release|Any CPU
		{DD03F06B-FB6F-4557-98D3-693A04695B3A}.Ad-Hoc|iPhone.Deploy.0 = Release|Any CPU
		{DD03F06B-FB6F-4557-98D3-693A04695B3A}.Ad-Hoc|iPhoneSimulator.ActiveCfg = Release|Any CPU
		{DD03F06B-FB6F-4557-98D3-693A04695B3A}.Ad-Hoc|iPhoneSimulator.Build.0 = Release|Any CPU
		{DD03F06B-FB6F-4557-98D3-693A04695B3A}.Ad-Hoc|iPhoneSimulator.Deploy.0 = Release|Any CPU
		{DD03F06B-FB6F-4557-98D3-693A04695B3A}.AppStore|Any CPU.ActiveCfg = Release|Any CPU
		{DD03F06B-FB6F-4557-98D3-693A04695B3A}.AppStore|Any CPU.Build.0 = Release|Any CPU
		{DD03F06B-FB6F-4557-98D3-693A04695B3A}.AppStore|Any CPU.Deploy.0 = Release|Any CPU
		{DD03F06B-FB6F-4557-98D3-693A04695B3A}.AppStore|iPhone.ActiveCfg = Release|Any CPU
		{DD03F06B-FB6F-4557-98D3-693A04695B3A}.AppStore|iPhone.Build.0 = Release|Any CPU
		{DD03F06B-FB6F-4557-98D3-693A04695B3A}.AppStore|iPhone.Deploy.0 = Release|Any CPU
		{DD03F06B-FB6F-4557-98D3-693A04695B3A}.AppStore|iPhoneSimulator.ActiveCfg = Release|Any CPU
		{DD03F06B-FB6F-4557-98D3-693A04695B3A}.AppStore|iPhoneSimulator.Build.0 = Release|Any CPU
		{DD03F06B-FB6F-4557-98D3-693A04695B3A}.AppStore|iPhoneSimulator.Deploy.0 = Release|Any CPU
		{DD03F06B-FB6F-4557-98D3-693A04695B3A}.Debug|Any CPU.ActiveCfg = Debug|Any CPU
		{DD03F06B-FB6F-4557-98D3-693A04695B3A}.Debug|Any CPU.Build.0 = Debug|Any CPU
		{DD03F06B-FB6F-4557-98D3-693A04695B3A}.Debug|Any CPU.Deploy.0 = Debug|Any CPU
		{DD03F06B-FB6F-4557-98D3-693A04695B3A}.Debug|iPhone.ActiveCfg = Debug|Any CPU
		{DD03F06B-FB6F-4557-98D3-693A04695B3A}.Debug|iPhone.Build.0 = Debug|Any CPU
		{DD03F06B-FB6F-4557-98D3-693A04695B3A}.Debug|iPhone.Deploy.0 = Debug|Any CPU
		{DD03F06B-FB6F-4557-98D3-693A04695B3A}.Debug|iPhoneSimulator.ActiveCfg = Debug|Any CPU
		{DD03F06B-FB6F-4557-98D3-693A04695B3A}.Debug|iPhoneSimulator.Build.0 = Debug|Any CPU
		{DD03F06B-FB6F-4557-98D3-693A04695B3A}.Debug|iPhoneSimulator.Deploy.0 = Debug|Any CPU
		{DD03F06B-FB6F-4557-98D3-693A04695B3A}.Release|Any CPU.ActiveCfg = Release|Any CPU
		{DD03F06B-FB6F-4557-98D3-693A04695B3A}.Release|Any CPU.Build.0 = Release|Any CPU
		{DD03F06B-FB6F-4557-98D3-693A04695B3A}.Release|Any CPU.Deploy.0 = Release|Any CPU
		{DD03F06B-FB6F-4557-98D3-693A04695B3A}.Release|iPhone.ActiveCfg = Release|Any CPU
		{DD03F06B-FB6F-4557-98D3-693A04695B3A}.Release|iPhone.Build.0 = Release|Any CPU
		{DD03F06B-FB6F-4557-98D3-693A04695B3A}.Release|iPhone.Deploy.0 = Release|Any CPU
		{DD03F06B-FB6F-4557-98D3-693A04695B3A}.Release|iPhoneSimulator.ActiveCfg = Release|Any CPU
		{DD03F06B-FB6F-4557-98D3-693A04695B3A}.Release|iPhoneSimulator.Build.0 = Release|Any CPU
		{DD03F06B-FB6F-4557-98D3-693A04695B3A}.Release|iPhoneSimulator.Deploy.0 = Release|Any CPU
		{E277B58D-867C-45C0-A4B7-2FB1FE070509}.Ad-Hoc|Any CPU.ActiveCfg = Ad-Hoc|iPhone
		{E277B58D-867C-45C0-A4B7-2FB1FE070509}.Ad-Hoc|Any CPU.Build.0 = Ad-Hoc|iPhone
		{E277B58D-867C-45C0-A4B7-2FB1FE070509}.Ad-Hoc|Any CPU.Deploy.0 = Ad-Hoc|iPhone
		{E277B58D-867C-45C0-A4B7-2FB1FE070509}.Ad-Hoc|iPhone.ActiveCfg = Ad-Hoc|iPhone
		{E277B58D-867C-45C0-A4B7-2FB1FE070509}.Ad-Hoc|iPhone.Build.0 = Ad-Hoc|iPhone
		{E277B58D-867C-45C0-A4B7-2FB1FE070509}.Ad-Hoc|iPhone.Deploy.0 = Ad-Hoc|iPhone
		{E277B58D-867C-45C0-A4B7-2FB1FE070509}.Ad-Hoc|iPhoneSimulator.ActiveCfg = Ad-Hoc|iPhoneSimulator
		{E277B58D-867C-45C0-A4B7-2FB1FE070509}.Ad-Hoc|iPhoneSimulator.Build.0 = Ad-Hoc|iPhoneSimulator
		{E277B58D-867C-45C0-A4B7-2FB1FE070509}.Ad-Hoc|iPhoneSimulator.Deploy.0 = Ad-Hoc|iPhoneSimulator
		{E277B58D-867C-45C0-A4B7-2FB1FE070509}.AppStore|Any CPU.ActiveCfg = AppStore|iPhone
		{E277B58D-867C-45C0-A4B7-2FB1FE070509}.AppStore|Any CPU.Build.0 = AppStore|iPhone
		{E277B58D-867C-45C0-A4B7-2FB1FE070509}.AppStore|Any CPU.Deploy.0 = AppStore|iPhone
		{E277B58D-867C-45C0-A4B7-2FB1FE070509}.AppStore|iPhone.ActiveCfg = AppStore|iPhone
		{E277B58D-867C-45C0-A4B7-2FB1FE070509}.AppStore|iPhone.Build.0 = AppStore|iPhone
		{E277B58D-867C-45C0-A4B7-2FB1FE070509}.AppStore|iPhone.Deploy.0 = AppStore|iPhone
		{E277B58D-867C-45C0-A4B7-2FB1FE070509}.AppStore|iPhoneSimulator.ActiveCfg = AppStore|iPhoneSimulator
		{E277B58D-867C-45C0-A4B7-2FB1FE070509}.AppStore|iPhoneSimulator.Build.0 = AppStore|iPhoneSimulator
		{E277B58D-867C-45C0-A4B7-2FB1FE070509}.AppStore|iPhoneSimulator.Deploy.0 = AppStore|iPhoneSimulator
		{E277B58D-867C-45C0-A4B7-2FB1FE070509}.Debug|Any CPU.ActiveCfg = Debug|iPhoneSimulator
		{E277B58D-867C-45C0-A4B7-2FB1FE070509}.Debug|Any CPU.Build.0 = Debug|iPhoneSimulator
		{E277B58D-867C-45C0-A4B7-2FB1FE070509}.Debug|Any CPU.Deploy.0 = Debug|iPhoneSimulator
		{E277B58D-867C-45C0-A4B7-2FB1FE070509}.Debug|iPhone.ActiveCfg = Debug|iPhone
		{E277B58D-867C-45C0-A4B7-2FB1FE070509}.Debug|iPhone.Build.0 = Debug|iPhone
		{E277B58D-867C-45C0-A4B7-2FB1FE070509}.Debug|iPhone.Deploy.0 = Debug|iPhone
		{E277B58D-867C-45C0-A4B7-2FB1FE070509}.Debug|iPhoneSimulator.ActiveCfg = Debug|iPhoneSimulator
		{E277B58D-867C-45C0-A4B7-2FB1FE070509}.Debug|iPhoneSimulator.Build.0 = Debug|iPhoneSimulator
		{E277B58D-867C-45C0-A4B7-2FB1FE070509}.Debug|iPhoneSimulator.Deploy.0 = Debug|iPhoneSimulator
		{E277B58D-867C-45C0-A4B7-2FB1FE070509}.Release|Any CPU.ActiveCfg = Release|iPhone
		{E277B58D-867C-45C0-A4B7-2FB1FE070509}.Release|Any CPU.Build.0 = Release|iPhone
		{E277B58D-867C-45C0-A4B7-2FB1FE070509}.Release|Any CPU.Deploy.0 = Release|iPhone
		{E277B58D-867C-45C0-A4B7-2FB1FE070509}.Release|iPhone.ActiveCfg = Release|iPhone
		{E277B58D-867C-45C0-A4B7-2FB1FE070509}.Release|iPhone.Build.0 = Release|iPhone
		{E277B58D-867C-45C0-A4B7-2FB1FE070509}.Release|iPhone.Deploy.0 = Release|iPhone
		{E277B58D-867C-45C0-A4B7-2FB1FE070509}.Release|iPhoneSimulator.ActiveCfg = Release|iPhoneSimulator
		{E277B58D-867C-45C0-A4B7-2FB1FE070509}.Release|iPhoneSimulator.Build.0 = Release|iPhoneSimulator
		{E277B58D-867C-45C0-A4B7-2FB1FE070509}.Release|iPhoneSimulator.Deploy.0 = Release|iPhoneSimulator
		{E84D5996-F500-4DC4-8515-E9D1D5DD818A}.Ad-Hoc|Any CPU.ActiveCfg = Debug|Any CPU
		{E84D5996-F500-4DC4-8515-E9D1D5DD818A}.Ad-Hoc|Any CPU.Build.0 = Debug|Any CPU
		{E84D5996-F500-4DC4-8515-E9D1D5DD818A}.Ad-Hoc|Any CPU.Deploy.0 = Debug|Any CPU
		{E84D5996-F500-4DC4-8515-E9D1D5DD818A}.Ad-Hoc|iPhone.ActiveCfg = Debug|Any CPU
		{E84D5996-F500-4DC4-8515-E9D1D5DD818A}.Ad-Hoc|iPhone.Build.0 = Debug|Any CPU
		{E84D5996-F500-4DC4-8515-E9D1D5DD818A}.Ad-Hoc|iPhone.Deploy.0 = Debug|Any CPU
		{E84D5996-F500-4DC4-8515-E9D1D5DD818A}.Ad-Hoc|iPhoneSimulator.ActiveCfg = Debug|Any CPU
		{E84D5996-F500-4DC4-8515-E9D1D5DD818A}.Ad-Hoc|iPhoneSimulator.Build.0 = Debug|Any CPU
		{E84D5996-F500-4DC4-8515-E9D1D5DD818A}.Ad-Hoc|iPhoneSimulator.Deploy.0 = Debug|Any CPU
		{E84D5996-F500-4DC4-8515-E9D1D5DD818A}.AppStore|Any CPU.ActiveCfg = Debug|Any CPU
		{E84D5996-F500-4DC4-8515-E9D1D5DD818A}.AppStore|Any CPU.Build.0 = Debug|Any CPU
		{E84D5996-F500-4DC4-8515-E9D1D5DD818A}.AppStore|Any CPU.Deploy.0 = Debug|Any CPU
		{E84D5996-F500-4DC4-8515-E9D1D5DD818A}.AppStore|iPhone.ActiveCfg = Debug|Any CPU
		{E84D5996-F500-4DC4-8515-E9D1D5DD818A}.AppStore|iPhone.Build.0 = Debug|Any CPU
		{E84D5996-F500-4DC4-8515-E9D1D5DD818A}.AppStore|iPhone.Deploy.0 = Debug|Any CPU
		{E84D5996-F500-4DC4-8515-E9D1D5DD818A}.AppStore|iPhoneSimulator.ActiveCfg = Debug|Any CPU
		{E84D5996-F500-4DC4-8515-E9D1D5DD818A}.AppStore|iPhoneSimulator.Build.0 = Debug|Any CPU
		{E84D5996-F500-4DC4-8515-E9D1D5DD818A}.AppStore|iPhoneSimulator.Deploy.0 = Debug|Any CPU
		{E84D5996-F500-4DC4-8515-E9D1D5DD818A}.Debug|Any CPU.ActiveCfg = Debug|Any CPU
		{E84D5996-F500-4DC4-8515-E9D1D5DD818A}.Debug|Any CPU.Build.0 = Debug|Any CPU
		{E84D5996-F500-4DC4-8515-E9D1D5DD818A}.Debug|Any CPU.Deploy.0 = Debug|Any CPU
		{E84D5996-F500-4DC4-8515-E9D1D5DD818A}.Debug|iPhone.ActiveCfg = Debug|Any CPU
		{E84D5996-F500-4DC4-8515-E9D1D5DD818A}.Debug|iPhone.Build.0 = Debug|Any CPU
		{E84D5996-F500-4DC4-8515-E9D1D5DD818A}.Debug|iPhone.Deploy.0 = Debug|Any CPU
		{E84D5996-F500-4DC4-8515-E9D1D5DD818A}.Debug|iPhoneSimulator.ActiveCfg = Debug|Any CPU
		{E84D5996-F500-4DC4-8515-E9D1D5DD818A}.Debug|iPhoneSimulator.Build.0 = Debug|Any CPU
		{E84D5996-F500-4DC4-8515-E9D1D5DD818A}.Debug|iPhoneSimulator.Deploy.0 = Debug|Any CPU
		{E84D5996-F500-4DC4-8515-E9D1D5DD818A}.Release|Any CPU.ActiveCfg = Release|Any CPU
		{E84D5996-F500-4DC4-8515-E9D1D5DD818A}.Release|Any CPU.Build.0 = Release|Any CPU
		{E84D5996-F500-4DC4-8515-E9D1D5DD818A}.Release|Any CPU.Deploy.0 = Release|Any CPU
		{E84D5996-F500-4DC4-8515-E9D1D5DD818A}.Release|iPhone.ActiveCfg = Release|Any CPU
		{E84D5996-F500-4DC4-8515-E9D1D5DD818A}.Release|iPhone.Build.0 = Release|Any CPU
		{E84D5996-F500-4DC4-8515-E9D1D5DD818A}.Release|iPhone.Deploy.0 = Release|Any CPU
		{E84D5996-F500-4DC4-8515-E9D1D5DD818A}.Release|iPhoneSimulator.ActiveCfg = Release|Any CPU
		{E84D5996-F500-4DC4-8515-E9D1D5DD818A}.Release|iPhoneSimulator.Build.0 = Release|Any CPU
		{E84D5996-F500-4DC4-8515-E9D1D5DD818A}.Release|iPhoneSimulator.Deploy.0 = Release|Any CPU
		{9DED01DC-10B6-4375-8FCE-C6DCE8A2EC05}.Ad-Hoc|Any CPU.ActiveCfg = Debug|Any CPU
		{9DED01DC-10B6-4375-8FCE-C6DCE8A2EC05}.Ad-Hoc|Any CPU.Build.0 = Debug|Any CPU
		{9DED01DC-10B6-4375-8FCE-C6DCE8A2EC05}.Ad-Hoc|iPhone.ActiveCfg = Debug|Any CPU
		{9DED01DC-10B6-4375-8FCE-C6DCE8A2EC05}.Ad-Hoc|iPhone.Build.0 = Debug|Any CPU
		{9DED01DC-10B6-4375-8FCE-C6DCE8A2EC05}.Ad-Hoc|iPhoneSimulator.ActiveCfg = Debug|Any CPU
		{9DED01DC-10B6-4375-8FCE-C6DCE8A2EC05}.Ad-Hoc|iPhoneSimulator.Build.0 = Debug|Any CPU
		{9DED01DC-10B6-4375-8FCE-C6DCE8A2EC05}.AppStore|Any CPU.ActiveCfg = Debug|Any CPU
		{9DED01DC-10B6-4375-8FCE-C6DCE8A2EC05}.AppStore|Any CPU.Build.0 = Debug|Any CPU
		{9DED01DC-10B6-4375-8FCE-C6DCE8A2EC05}.AppStore|iPhone.ActiveCfg = Debug|Any CPU
		{9DED01DC-10B6-4375-8FCE-C6DCE8A2EC05}.AppStore|iPhone.Build.0 = Debug|Any CPU
		{9DED01DC-10B6-4375-8FCE-C6DCE8A2EC05}.AppStore|iPhoneSimulator.ActiveCfg = Debug|Any CPU
		{9DED01DC-10B6-4375-8FCE-C6DCE8A2EC05}.AppStore|iPhoneSimulator.Build.0 = Debug|Any CPU
		{9DED01DC-10B6-4375-8FCE-C6DCE8A2EC05}.Debug|Any CPU.ActiveCfg = Debug|Any CPU
		{9DED01DC-10B6-4375-8FCE-C6DCE8A2EC05}.Debug|Any CPU.Build.0 = Debug|Any CPU
		{9DED01DC-10B6-4375-8FCE-C6DCE8A2EC05}.Debug|iPhone.ActiveCfg = Debug|Any CPU
		{9DED01DC-10B6-4375-8FCE-C6DCE8A2EC05}.Debug|iPhone.Build.0 = Debug|Any CPU
		{9DED01DC-10B6-4375-8FCE-C6DCE8A2EC05}.Debug|iPhoneSimulator.ActiveCfg = Debug|Any CPU
		{9DED01DC-10B6-4375-8FCE-C6DCE8A2EC05}.Debug|iPhoneSimulator.Build.0 = Debug|Any CPU
		{9DED01DC-10B6-4375-8FCE-C6DCE8A2EC05}.Release|Any CPU.ActiveCfg = Release|Any CPU
		{9DED01DC-10B6-4375-8FCE-C6DCE8A2EC05}.Release|Any CPU.Build.0 = Release|Any CPU
		{9DED01DC-10B6-4375-8FCE-C6DCE8A2EC05}.Release|iPhone.ActiveCfg = Release|Any CPU
		{9DED01DC-10B6-4375-8FCE-C6DCE8A2EC05}.Release|iPhone.Build.0 = Release|Any CPU
		{9DED01DC-10B6-4375-8FCE-C6DCE8A2EC05}.Release|iPhoneSimulator.ActiveCfg = Release|Any CPU
		{9DED01DC-10B6-4375-8FCE-C6DCE8A2EC05}.Release|iPhoneSimulator.Build.0 = Release|Any CPU
	EndGlobalSection
	GlobalSection(SolutionProperties) = preSolution
		HideSolutionNode = FALSE
	EndGlobalSection
	GlobalSection(ExtensibilityGlobals) = postSolution
		SolutionGuid = {B3A8D813-FA8E-4385-AE71-F6EBBB12FE50}
	EndGlobalSection
EndGlobal
